
Microsoft Visual Studio Solution File, Format Version 12.00
# Visual Studio Version 16
VisualStudioVersion = 16.0.30804.86
MinimumVisualStudioVersion = 10.0.40219.1
Project("{D2ABAB84-BF74-430A-B69E-9DC6D40DDA17}") = "CarClaim_Final", "CarClaim_Final\CarClaim_Final.dwproj", "{33FC4796-98D6-4F79-98E1-C324311365DF}"
EndProject
Global
	GlobalSection(SolutionConfigurationPlatforms) = preSolution
		Development|Default = Development|Default
	EndGlobalSection
	GlobalSection(ProjectConfigurationPlatforms) = postSolution
		{33FC4796-98D6-4F79-98E1-C324311365DF}.Development|Default.ActiveCfg = Development
		{33FC4796-98D6-4F79-98E1-C324311365DF}.Development|Default.Build.0 = Development
		{33FC4796-98D6-4F79-98E1-C324311365DF}.Development|Default.Deploy.0 = Development
	EndGlobalSection
	GlobalSection(SolutionProperties) = preSolution
		HideSolutionNode = FALSE
	EndGlobalSection
	GlobalSection(ExtensibilityGlobals) = postSolution
		SolutionGuid = {5058709C-91C3-4F64-BBEB-F5573745C336}
	EndGlobalSection
EndGlobal
